
Microsoft Visual Studio Solution File, Format Version 12.00
# Visual Studio 15
VisualStudioVersion = 15.0.27004.2010
MinimumVisualStudioVersion = 10.0.40219.1
Project("{FAE04EC0-301F-11D3-BF4B-00C04F79EFBC}") = "Starlet", "Starlet\Starlet.csproj", "{69050F40-12C3-4B91-8602-2AE3CEB83CB6}"
EndProject
Global
	GlobalSection(SolutionConfigurationPlatforms) = preSolution
		Debug|Any CPU = Debug|Any CPU
		Release|Any CPU = Release|Any CPU
	EndGlobalSection
	GlobalSection(ProjectConfigurationPlatforms) = postSolution
		{69050F40-12C3-4B91-8602-2AE3CEB83CB6}.Debug|Any CPU.ActiveCfg = Debug|Any CPU
		{69050F40-12C3-4B91-8602-2AE3CEB83CB6}.Debug|Any CPU.Build.0 = Debug|Any CPU
		{69050F40-12C3-4B91-8602-2AE3CEB83CB6}.Release|Any CPU.ActiveCfg = Release|Any CPU
		{69050F40-12C3-4B91-8602-2AE3CEB83CB6}.Release|Any CPU.Build.0 = Release|Any CPU
	EndGlobalSection
	GlobalSection(SolutionProperties) = preSolution
		HideSolutionNode = FALSE
	EndGlobalSection
	GlobalSection(ExtensibilityGlobals) = postSolution
		SolutionGuid = {38EE9224-0F41-4870-A1F6-DEA65A4E20D1}
	EndGlobalSection
EndGlobal
